
Microsoft Visual Studio Solution File, Format Version 12.00
# Visual Studio Version 16
VisualStudioVersion = 16.0.30503.244
MinimumVisualStudioVersion = 10.0.40219.1
Project("{FAE04EC0-301F-11D3-BF4B-00C04F79EFBC}") = "SplashScreen", "SplashScreen\SplashScreen.csproj", "{00F47F28-CBD7-4394-A81D-AF7640C7F1B4}"
EndProject
Project("{FAE04EC0-301F-11D3-BF4B-00C04F79EFBC}") = "SplashScreenTest", "SplashScreenTest\SplashScreenTest.csproj", "{D5223975-D46F-4D13-B9EE-430A74F68BF5}"
EndProject
Global
	GlobalSection(SolutionConfigurationPlatforms) = preSolution
		Debug|Any CPU = Debug|Any CPU
		Release|Any CPU = Release|Any CPU
	EndGlobalSection
	GlobalSection(ProjectConfigurationPlatforms) = postSolution
		{00F47F28-CBD7-4394-A81D-AF7640C7F1B4}.Debug|Any CPU.ActiveCfg = Debug|Any CPU
		{00F47F28-CBD7-4394-A81D-AF7640C7F1B4}.Debug|Any CPU.Build.0 = Debug|Any CPU
		{00F47F28-CBD7-4394-A81D-AF7640C7F1B4}.Release|Any CPU.ActiveCfg = Release|Any CPU
		{00F47F28-CBD7-4394-A81D-AF7640C7F1B4}.Release|Any CPU.Build.0 = Release|Any CPU
		{D5223975-D46F-4D13-B9EE-430A74F68BF5}.Debug|Any CPU.ActiveCfg = Debug|Any CPU
		{D5223975-D46F-4D13-B9EE-430A74F68BF5}.Debug|Any CPU.Build.0 = Debug|Any CPU
		{D5223975-D46F-4D13-B9EE-430A74F68BF5}.Release|Any CPU.ActiveCfg = Release|Any CPU
		{D5223975-D46F-4D13-B9EE-430A74F68BF5}.Release|Any CPU.Build.0 = Release|Any CPU
	EndGlobalSection
	GlobalSection(SolutionProperties) = preSolution
		HideSolutionNode = FALSE
	EndGlobalSection
	GlobalSection(ExtensibilityGlobals) = postSolution
		SolutionGuid = {05202789-9698-4A28-B1E9-785071A430F4}
	EndGlobalSection
EndGlobal
